
Microsoft Visual Studio Solution File, Format Version 10.00
# Visual Studio 2008
Project("{FAE04EC0-301F-11D3-BF4B-00C04F79EFBC}") = "euler_prog_9", "euler_prog_9\euler_prog_9.csproj", "{D65CBC45-2811-41AD-8B9F-B14BCA8AADC3}"
EndProject
Global
	GlobalSection(SolutionConfigurationPlatforms) = preSolution
		Debug|Any CPU = Debug|Any CPU
		Release|Any CPU = Release|Any CPU
	EndGlobalSection
	GlobalSection(ProjectConfigurationPlatforms) = postSolution
		{D65CBC45-2811-41AD-8B9F-B14BCA8AADC3}.Debug|Any CPU.ActiveCfg = Debug|Any CPU
		{D65CBC45-2811-41AD-8B9F-B14BCA8AADC3}.Debug|Any CPU.Build.0 = Debug|Any CPU
		{D65CBC45-2811-41AD-8B9F-B14BCA8AADC3}.Release|Any CPU.ActiveCfg = Release|Any CPU
		{D65CBC45-2811-41AD-8B9F-B14BCA8AADC3}.Release|Any CPU.Build.0 = Release|Any CPU
	EndGlobalSection
	GlobalSection(SolutionProperties) = preSolution
		HideSolutionNode = FALSE
	EndGlobalSection
EndGlobal
