
Microsoft Visual Studio Solution File, Format Version 10.00
# Visual Studio 2008
Project("{FAE04EC0-301F-11D3-BF4B-00C04F79EFBC}") = "euler_prog_6", "euler_prog_6\euler_prog_6.csproj", "{02866C7A-58C8-4D36-94BE-D0854EE79451}"
EndProject
Global
	GlobalSection(SolutionConfigurationPlatforms) = preSolution
		Debug|Any CPU = Debug|Any CPU
		Release|Any CPU = Release|Any CPU
	EndGlobalSection
	GlobalSection(ProjectConfigurationPlatforms) = postSolution
		{02866C7A-58C8-4D36-94BE-D0854EE79451}.Debug|Any CPU.ActiveCfg = Debug|Any CPU
		{02866C7A-58C8-4D36-94BE-D0854EE79451}.Debug|Any CPU.Build.0 = Debug|Any CPU
		{02866C7A-58C8-4D36-94BE-D0854EE79451}.Release|Any CPU.ActiveCfg = Release|Any CPU
		{02866C7A-58C8-4D36-94BE-D0854EE79451}.Release|Any CPU.Build.0 = Release|Any CPU
	EndGlobalSection
	GlobalSection(SolutionProperties) = preSolution
		HideSolutionNode = FALSE
	EndGlobalSection
EndGlobal
