
Microsoft Visual Studio Solution File, Format Version 10.00
# Visual Studio 2008
Project("{FAE04EC0-301F-11D3-BF4B-00C04F79EFBC}") = "euler_prog_12", "euler_prog_12\euler_prog_12.csproj", "{2761A5F5-47E2-47F8-B83D-417B67A9677E}"
EndProject
Global
	GlobalSection(SolutionConfigurationPlatforms) = preSolution
		Debug|Any CPU = Debug|Any CPU
		Release|Any CPU = Release|Any CPU
	EndGlobalSection
	GlobalSection(ProjectConfigurationPlatforms) = postSolution
		{2761A5F5-47E2-47F8-B83D-417B67A9677E}.Debug|Any CPU.ActiveCfg = Debug|Any CPU
		{2761A5F5-47E2-47F8-B83D-417B67A9677E}.Debug|Any CPU.Build.0 = Debug|Any CPU
		{2761A5F5-47E2-47F8-B83D-417B67A9677E}.Release|Any CPU.ActiveCfg = Release|Any CPU
		{2761A5F5-47E2-47F8-B83D-417B67A9677E}.Release|Any CPU.Build.0 = Release|Any CPU
	EndGlobalSection
	GlobalSection(SolutionProperties) = preSolution
		HideSolutionNode = FALSE
	EndGlobalSection
EndGlobal
